
Microsoft Visual Studio Solution File, Format Version 12.00
# Visual Studio Version 17
VisualStudioVersion = 17.8.34330.188
MinimumVisualStudioVersion = 15.0.26124.0
Project("{2150E333-8FDC-42A3-9474-1A3956D46DE8}") = "Solution Items", "Solution Items", "{5A447412-D8B9-4FFF-BE7B-E1E363952A05}"
	ProjectSection(SolutionItems) = preProject
		README.md = README.md
	EndProjectSection
EndProject
Project("{9A19103F-16F7-4668-BE54-9A1E7A4F7556}") = "WorkingWithArrays", "WorkingWithArrays\WorkingWithArrays.csproj", "{BD3476BD-8314-48F6-A071-DF140B6AD7E7}"
EndProject
Project("{9A19103F-16F7-4668-BE54-9A1E7A4F7556}") = "WorkingWithArrays.Tests", "WorkingWithArrays.Tests\WorkingWithArrays.Tests.csproj", "{9EE462A9-564F-4BCC-BB42-22585D6CAB38}"
EndProject
Global
	GlobalSection(SolutionConfigurationPlatforms) = preSolution
		Debug|Any CPU = Debug|Any CPU
		Release|Any CPU = Release|Any CPU
	EndGlobalSection
	GlobalSection(ProjectConfigurationPlatforms) = postSolution
		{BD3476BD-8314-48F6-A071-DF140B6AD7E7}.Debug|Any CPU.ActiveCfg = Debug|Any CPU
		{BD3476BD-8314-48F6-A071-DF140B6AD7E7}.Debug|Any CPU.Build.0 = Debug|Any CPU
		{BD3476BD-8314-48F6-A071-DF140B6AD7E7}.Release|Any CPU.ActiveCfg = Release|Any CPU
		{BD3476BD-8314-48F6-A071-DF140B6AD7E7}.Release|Any CPU.Build.0 = Release|Any CPU
		{9EE462A9-564F-4BCC-BB42-22585D6CAB38}.Debug|Any CPU.ActiveCfg = Debug|Any CPU
		{9EE462A9-564F-4BCC-BB42-22585D6CAB38}.Debug|Any CPU.Build.0 = Debug|Any CPU
		{9EE462A9-564F-4BCC-BB42-22585D6CAB38}.Release|Any CPU.ActiveCfg = Release|Any CPU
		{9EE462A9-564F-4BCC-BB42-22585D6CAB38}.Release|Any CPU.Build.0 = Release|Any CPU
	EndGlobalSection
	GlobalSection(SolutionProperties) = preSolution
		HideSolutionNode = FALSE
	EndGlobalSection
	GlobalSection(ExtensibilityGlobals) = postSolution
		SolutionGuid = {E6945C2D-2E81-4E66-B212-EC1F87152196}
	EndGlobalSection
EndGlobal
